
Microsoft Visual Studio Solution File, Format Version 12.00
# Visual Studio Version 17
VisualStudioVersion = 17.11.35312.102
MinimumVisualStudioVersion = 10.0.40219.1
Project("{FAE04EC0-301F-11D3-BF4B-00C04F79EFBC}") = "Shop.Online", "Shop.Online\Shop.Online.csproj", "{2783615F-9B4C-4641-9621-C8730F3E0504}"
EndProject
Project("{FAE04EC0-301F-11D3-BF4B-00C04F79EFBC}") = "Shop.Domain", "Shop.Domain\Shop.Domain.csproj", "{78F06FF5-10B4-4D7C-99AA-8DA9B752BF87}"
EndProject
Project("{FAE04EC0-301F-11D3-BF4B-00C04F79EFBC}") = "Shop.Application", "Shop.Application\Shop.Application.csproj", "{57FD14AD-A7B7-499A-8B59-F5F4120352D8}"
EndProject
Project("{FAE04EC0-301F-11D3-BF4B-00C04F79EFBC}") = "Shop.Infrastructure", "Shop.Infrastructure\Shop.Infrastructure.csproj", "{13C0E04E-527F-437B-A082-784000DD78BC}"
EndProject
Project("{FAE04EC0-301F-11D3-BF4B-00C04F79EFBC}") = "Shop.Tests", "Shop.Tests\Shop.Tests.csproj", "{E56F8826-2FFF-4CA9-B6E6-9B572C6E286D}"
EndProject
Global
	GlobalSection(SolutionConfigurationPlatforms) = preSolution
		Debug|Any CPU = Debug|Any CPU
		Release|Any CPU = Release|Any CPU
	EndGlobalSection
	GlobalSection(ProjectConfigurationPlatforms) = postSolution
		{2783615F-9B4C-4641-9621-C8730F3E0504}.Debug|Any CPU.ActiveCfg = Debug|Any CPU
		{2783615F-9B4C-4641-9621-C8730F3E0504}.Debug|Any CPU.Build.0 = Debug|Any CPU
		{2783615F-9B4C-4641-9621-C8730F3E0504}.Release|Any CPU.ActiveCfg = Release|Any CPU
		{2783615F-9B4C-4641-9621-C8730F3E0504}.Release|Any CPU.Build.0 = Release|Any CPU
		{78F06FF5-10B4-4D7C-99AA-8DA9B752BF87}.Debug|Any CPU.ActiveCfg = Debug|Any CPU
		{78F06FF5-10B4-4D7C-99AA-8DA9B752BF87}.Debug|Any CPU.Build.0 = Debug|Any CPU
		{78F06FF5-10B4-4D7C-99AA-8DA9B752BF87}.Release|Any CPU.ActiveCfg = Release|Any CPU
		{78F06FF5-10B4-4D7C-99AA-8DA9B752BF87}.Release|Any CPU.Build.0 = Release|Any CPU
		{57FD14AD-A7B7-499A-8B59-F5F4120352D8}.Debug|Any CPU.ActiveCfg = Debug|Any CPU
		{57FD14AD-A7B7-499A-8B59-F5F4120352D8}.Debug|Any CPU.Build.0 = Debug|Any CPU
		{57FD14AD-A7B7-499A-8B59-F5F4120352D8}.Release|Any CPU.ActiveCfg = Release|Any CPU
		{57FD14AD-A7B7-499A-8B59-F5F4120352D8}.Release|Any CPU.Build.0 = Release|Any CPU
		{13C0E04E-527F-437B-A082-784000DD78BC}.Debug|Any CPU.ActiveCfg = Debug|Any CPU
		{13C0E04E-527F-437B-A082-784000DD78BC}.Debug|Any CPU.Build.0 = Debug|Any CPU
		{13C0E04E-527F-437B-A082-784000DD78BC}.Release|Any CPU.ActiveCfg = Release|Any CPU
		{13C0E04E-527F-437B-A082-784000DD78BC}.Release|Any CPU.Build.0 = Release|Any CPU
		{E56F8826-2FFF-4CA9-B6E6-9B572C6E286D}.Debug|Any CPU.ActiveCfg = Debug|Any CPU
		{E56F8826-2FFF-4CA9-B6E6-9B572C6E286D}.Debug|Any CPU.Build.0 = Debug|Any CPU
		{E56F8826-2FFF-4CA9-B6E6-9B572C6E286D}.Release|Any CPU.ActiveCfg = Release|Any CPU
		{E56F8826-2FFF-4CA9-B6E6-9B572C6E286D}.Release|Any CPU.Build.0 = Release|Any CPU
	EndGlobalSection
	GlobalSection(SolutionProperties) = preSolution
		HideSolutionNode = FALSE
	EndGlobalSection
	GlobalSection(ExtensibilityGlobals) = postSolution
		SolutionGuid = {EE59B303-68EF-45F1-AEB2-60F0D4F356EF}
	EndGlobalSection
EndGlobal
